// !$*UTF8*$!
{
	archiveVersion = 1;
	classes = {
	};
	objectVersion = 50;
	objects = {

/* Begin PBXBuildFile section */
		C61429B226E7AE1E00DB7647 /* FeedItemView.swift in Sources */ = {isa = PBXBuildFile; fileRef = C61429B126E7AE1E00DB7647 /* FeedItemView.swift */; };
		C61429B426E7AE3600DB7647 /* Simulator Screen Shot - iPhone 12 Pro Max - 2021-09-07 at 09.24.49.png in Resources */ = {isa = PBXBuildFile; fileRef = C61429B326E7AE3600DB7647 /* Simulator Screen Shot - iPhone 12 Pro Max - 2021-09-07 at 09.24.49.png */; };
		C622C79C26E160BA00A2FDF1 /* FeedItem.swift in Sources */ = {isa = PBXBuildFile; fileRef = C622C79B26E160BA00A2FDF1 /* FeedItem.swift */; };
		C622C79E26E175B800A2FDF1 /* ImageLeaderService.swift in Sources */ = {isa = PBXBuildFile; fileRef = C622C79D26E175B800A2FDF1 /* ImageLeaderService.swift */; };
		C622C7A026E17F2B00A2FDF1 /* FeedViewModel.swift in Sources */ = {isa = PBXBuildFile; fileRef = C622C79F26E17F2B00A2FDF1 /* FeedViewModel.swift */; };
		C622C7A226E1DB7400A2FDF1 /* ResponseDataViewModel.swift in Sources */ = {isa = PBXBuildFile; fileRef = C622C7A126E1DB7400A2FDF1 /* ResponseDataViewModel.swift */; };
		C622C7A426E1DCD400A2FDF1 /* FeedItemViewModel.swift in Sources */ = {isa = PBXBuildFile; fileRef = C622C7A326E1DCD400A2FDF1 /* FeedItemViewModel.swift */; };
		C6FCEF6826E03FBE00F6C97D /* FeedListChallengeApp.swift in Sources */ = {isa = PBXBuildFile; fileRef = C6FCEF6726E03FBE00F6C97D /* FeedListChallengeApp.swift */; };
		C6FCEF6A26E03FBE00F6C97D /* ContentView.swift in Sources */ = {isa = PBXBuildFile; fileRef = C6FCEF6926E03FBE00F6C97D /* ContentView.swift */; };
		C6FCEF6C26E03FC400F6C97D /* Assets.xcassets in Resources */ = {isa = PBXBuildFile; fileRef = C6FCEF6B26E03FC400F6C97D /* Assets.xcassets */; };
		C6FCEF6F26E03FC400F6C97D /* Preview Assets.xcassets in Resources */ = {isa = PBXBuildFile; fileRef = C6FCEF6E26E03FC400F6C97D /* Preview Assets.xcassets */; };
		C6FCEF7A26E03FC400F6C97D /* FeedListChallengeTests.swift in Sources */ = {isa = PBXBuildFile; fileRef = C6FCEF7926E03FC400F6C97D /* FeedListChallengeTests.swift */; };
		C6FCEF8526E03FC400F6C97D /* FeedListChallengeUITests.swift in Sources */ = {isa = PBXBuildFile; fileRef = C6FCEF8426E03FC400F6C97D /* FeedListChallengeUITests.swift */; };
		C6FCEF9426E0404900F6C97D /* ApiService.swift in Sources */ = {isa = PBXBuildFile; fileRef = C6FCEF9326E0404900F6C97D /* ApiService.swift */; };
		C6FCEF9726E040E000F6C97D /* GlobalVariables.swift in Sources */ = {isa = PBXBuildFile; fileRef = C6FCEF9626E040E000F6C97D /* GlobalVariables.swift */; };
		C6FCEF9B26E060AB00F6C97D /* Feed.swift in Sources */ = {isa = PBXBuildFile; fileRef = C6FCEF9A26E060AB00F6C97D /* Feed.swift */; };
		C6FCEF9D26E06E4E00F6C97D /* ApiResponse.swift in Sources */ = {isa = PBXBuildFile; fileRef = C6FCEF9C26E06E4E00F6C97D /* ApiResponse.swift */; };
		C6FCEF9F26E06F5E00F6C97D /* ResponseData.swift in Sources */ = {isa = PBXBuildFile; fileRef = C6FCEF9E26E06F5E00F6C97D /* ResponseData.swift */; };
/* End PBXBuildFile section */

/* Begin PBXContainerItemProxy section */
		C6FCEF7626E03FC400F6C97D /* PBXContainerItemProxy */ = {
			isa = PBXContainerItemProxy;
			containerPortal = C6FCEF5C26E03FBE00F6C97D /* Project object */;
			proxyType = 1;
			remoteGlobalIDString = C6FCEF6326E03FBE00F6C97D;
			remoteInfo = TMobileChallenge;
		};
		C6FCEF8126E03FC400F6C97D /* PBXContainerItemProxy */ = {
			isa = PBXContainerItemProxy;
			containerPortal = C6FCEF5C26E03FBE00F6C97D /* Project object */;
			proxyType = 1;
			remoteGlobalIDString = C6FCEF6326E03FBE00F6C97D;
			remoteInfo = TMobileChallenge;
		};
/* End PBXContainerItemProxy section */

/* Begin PBXFileReference section */
		C61429B126E7AE1E00DB7647 /* FeedItemView.swift */ = {isa = PBXFileReference; fileEncoding = 4; lastKnownFileType = sourcecode.swift; path = FeedItemView.swift; sourceTree = "<group>"; };
		C61429B326E7AE3600DB7647 /* Simulator Screen Shot - iPhone 12 Pro Max - 2021-09-07 at 09.24.49.png */ = {isa = PBXFileReference; lastKnownFileType = image.png; path = "Simulator Screen Shot - iPhone 12 Pro Max - 2021-09-07 at 09.24.49.png"; sourceTree = "<group>"; };
		C622C79B26E160BA00A2FDF1 /* FeedItem.swift */ = {isa = PBXFileReference; lastKnownFileType = sourcecode.swift; path = FeedItem.swift; sourceTree = "<group>"; };
		C622C79D26E175B800A2FDF1 /* ImageLeaderService.swift */ = {isa = PBXFileReference; lastKnownFileType = sourcecode.swift; path = ImageLeaderService.swift; sourceTree = "<group>"; };
		C622C79F26E17F2B00A2FDF1 /* FeedViewModel.swift */ = {isa = PBXFileReference; lastKnownFileType = sourcecode.swift; path = FeedViewModel.swift; sourceTree = "<group>"; };
		C622C7A126E1DB7400A2FDF1 /* ResponseDataViewModel.swift */ = {isa = PBXFileReference; lastKnownFileType = sourcecode.swift; path = ResponseDataViewModel.swift; sourceTree = "<group>"; };
		C622C7A326E1DCD400A2FDF1 /* FeedItemViewModel.swift */ = {isa = PBXFileReference; lastKnownFileType = sourcecode.swift; path = FeedItemViewModel.swift; sourceTree = "<group>"; };
		C6FCEF6426E03FBE00F6C97D /* FeedListChallenge.app */ = {isa = PBXFileReference; explicitFileType = wrapper.application; includeInIndex = 0; path = FeedListChallenge.app; sourceTree = BUILT_PRODUCTS_DIR; };
		C6FCEF6726E03FBE00F6C97D /* FeedListChallengeApp.swift */ = {isa = PBXFileReference; lastKnownFileType = sourcecode.swift; path = FeedListChallengeApp.swift; sourceTree = "<group>"; };
		C6FCEF6926E03FBE00F6C97D /* ContentView.swift */ = {isa = PBXFileReference; lastKnownFileType = sourcecode.swift; path = ContentView.swift; sourceTree = "<group>"; };
		C6FCEF6B26E03FC400F6C97D /* Assets.xcassets */ = {isa = PBXFileReference; lastKnownFileType = folder.assetcatalog; path = Assets.xcassets; sourceTree = "<group>"; };
		C6FCEF6E26E03FC400F6C97D /* Preview Assets.xcassets */ = {isa = PBXFileReference; lastKnownFileType = folder.assetcatalog; path = "Preview Assets.xcassets"; sourceTree = "<group>"; };
		C6FCEF7026E03FC400F6C97D /* Info.plist */ = {isa = PBXFileReference; lastKnownFileType = text.plist.xml; path = Info.plist; sourceTree = "<group>"; };
		C6FCEF7526E03FC400F6C97D /* FeedListChallengeTests.xctest */ = {isa = PBXFileReference; explicitFileType = wrapper.cfbundle; includeInIndex = 0; path = FeedListChallengeTests.xctest; sourceTree = BUILT_PRODUCTS_DIR; };
		C6FCEF7926E03FC400F6C97D /* FeedListChallengeTests.swift */ = {isa = PBXFileReference; lastKnownFileType = sourcecode.swift; path = FeedListChallengeTests.swift; sourceTree = "<group>"; };
		C6FCEF7B26E03FC400F6C97D /* Info.plist */ = {isa = PBXFileReference; lastKnownFileType = text.plist.xml; path = Info.plist; sourceTree = "<group>"; };
		C6FCEF8026E03FC400F6C97D /* FeedListChallengeUITests.xctest */ = {isa = PBXFileReference; explicitFileType = wrapper.cfbundle; includeInIndex = 0; path = FeedListChallengeUITests.xctest; sourceTree = BUILT_PRODUCTS_DIR; };
		C6FCEF8426E03FC400F6C97D /* FeedListChallengeUITests.swift */ = {isa = PBXFileReference; lastKnownFileType = sourcecode.swift; path = FeedListChallengeUITests.swift; sourceTree = "<group>"; };
		C6FCEF8626E03FC400F6C97D /* Info.plist */ = {isa = PBXFileReference; lastKnownFileType = text.plist.xml; path = Info.plist; sourceTree = "<group>"; };
		C6FCEF9326E0404900F6C97D /* ApiService.swift */ = {isa = PBXFileReference; lastKnownFileType = sourcecode.swift; path = ApiService.swift; sourceTree = "<group>"; };
		C6FCEF9626E040E000F6C97D /* GlobalVariables.swift */ = {isa = PBXFileReference; lastKnownFileType = sourcecode.swift; path = GlobalVariables.swift; sourceTree = "<group>"; };
		C6FCEF9A26E060AB00F6C97D /* Feed.swift */ = {isa = PBXFileReference; lastKnownFileType = sourcecode.swift; path = Feed.swift; sourceTree = "<group>"; };
		C6FCEF9C26E06E4E00F6C97D /* ApiResponse.swift */ = {isa = PBXFileReference; lastKnownFileType = sourcecode.swift; path = ApiResponse.swift; sourceTree = "<group>"; };
		C6FCEF9E26E06F5E00F6C97D /* ResponseData.swift */ = {isa = PBXFileReference; lastKnownFileType = sourcecode.swift; path = ResponseData.swift; sourceTree = "<group>"; };
/* End PBXFileReference section */

/* Begin PBXFrameworksBuildPhase section */
		C6FCEF6126E03FBE00F6C97D /* Frameworks */ = {
			isa = PBXFrameworksBuildPhase;
			buildActionMask = 2147483647;
			files = (
			);
			runOnlyForDeploymentPostprocessing = 0;
		};
		C6FCEF7226E03FC400F6C97D /* Frameworks */ = {
			isa = PBXFrameworksBuildPhase;
			buildActionMask = 2147483647;
			files = (
			);
			runOnlyForDeploymentPostprocessing = 0;
		};
		C6FCEF7D26E03FC400F6C97D /* Frameworks */ = {
			isa = PBXFrameworksBuildPhase;
			buildActionMask = 2147483647;
			files = (
			);
			runOnlyForDeploymentPostprocessing = 0;
		};
/* End PBXFrameworksBuildPhase section */

/* Begin PBXGroup section */
		C61429B026E7ADC700DB7647 /* Images */ = {
			isa = PBXGroup;
			children = (
				C61429B326E7AE3600DB7647 /* Simulator Screen Shot - iPhone 12 Pro Max - 2021-09-07 at 09.24.49.png */,
			);
			path = Images;
			sourceTree = "<group>";
		};
		C6FCEF5B26E03FBE00F6C97D = {
			isa = PBXGroup;
			children = (
				C6FCEF6626E03FBE00F6C97D /* FeedListChallenge */,
				C6FCEF7826E03FC400F6C97D /* FeedListChallengeTests */,
				C6FCEF8326E03FC400F6C97D /* FeedListChallengeUITests */,
				C6FCEF6526E03FBE00F6C97D /* Products */,
			);
			sourceTree = "<group>";
		};
		C6FCEF6526E03FBE00F6C97D /* Products */ = {
			isa = PBXGroup;
			children = (
				C6FCEF6426E03FBE00F6C97D /* FeedListChallenge.app */,
				C6FCEF7526E03FC400F6C97D /* FeedListChallengeTests.xctest */,
				C6FCEF8026E03FC400F6C97D /* FeedListChallengeUITests.xctest */,
			);
			name = Products;
			sourceTree = "<group>";
		};
		C6FCEF6626E03FBE00F6C97D /* FeedListChallenge */ = {
			isa = PBXGroup;
			children = (
				C61429B026E7ADC700DB7647 /* Images */,
				C6FCEFA026E0F83300F6C97D /* Views */,
				C6FCEF9926E0608700F6C97D /* Models */,
				C6FCEF9826E0473B00F6C97D /* ViewModels */,
				C6FCEF9526E040B200F6C97D /* GlobalVariables */,
				C6FCEF9226E0402A00F6C97D /* Services */,
				C6FCEF6726E03FBE00F6C97D /* FeedListChallengeApp.swift */,
				C6FCEF6926E03FBE00F6C97D /* ContentView.swift */,
				C6FCEF6B26E03FC400F6C97D /* Assets.xcassets */,
				C6FCEF7026E03FC400F6C97D /* Info.plist */,
				C6FCEF6D26E03FC400F6C97D /* Preview Content */,
			);
			path = FeedListChallenge;
			sourceTree = "<group>";
		};
		C6FCEF6D26E03FC400F6C97D /* Preview Content */ = {
			isa = PBXGroup;
			children = (
				C6FCEF6E26E03FC400F6C97D /* Preview Assets.xcassets */,
			);
			path = "Preview Content";
			sourceTree = "<group>";
		};
		C6FCEF7826E03FC400F6C97D /* FeedListChallengeTests */ = {
			isa = PBXGroup;
			children = (
				C6FCEF7926E03FC400F6C97D /* FeedListChallengeTests.swift */,
				C6FCEF7B26E03FC400F6C97D /* Info.plist */,
			);
			path = FeedListChallengeTests;
			sourceTree = "<group>";
		};
		C6FCEF8326E03FC400F6C97D /* FeedListChallengeUITests */ = {
			isa = PBXGroup;
			children = (
				C6FCEF8426E03FC400F6C97D /* FeedListChallengeUITests.swift */,
				C6FCEF8626E03FC400F6C97D /* Info.plist */,
			);
			path = FeedListChallengeUITests;
			sourceTree = "<group>";
		};
		C6FCEF9226E0402A00F6C97D /* Services */ = {
			isa = PBXGroup;
			children = (
				C6FCEF9326E0404900F6C97D /* ApiService.swift */,
				C622C79D26E175B800A2FDF1 /* ImageLeaderService.swift */,
			);
			path = Services;
			sourceTree = "<group>";
		};
		C6FCEF9526E040B200F6C97D /* GlobalVariables */ = {
			isa = PBXGroup;
			children = (
				C6FCEF9626E040E000F6C97D /* GlobalVariables.swift */,
			);
			path = GlobalVariables;
			sourceTree = "<group>";
		};
		C6FCEF9826E0473B00F6C97D /* ViewModels */ = {
			isa = PBXGroup;
			children = (
				C622C79F26E17F2B00A2FDF1 /* FeedViewModel.swift */,
				C622C7A126E1DB7400A2FDF1 /* ResponseDataViewModel.swift */,
				C622C7A326E1DCD400A2FDF1 /* FeedItemViewModel.swift */,
			);
			path = ViewModels;
			sourceTree = "<group>";
		};
		C6FCEF9926E0608700F6C97D /* Models */ = {
			isa = PBXGroup;
			children = (
				C6FCEF9A26E060AB00F6C97D /* Feed.swift */,
				C6FCEF9C26E06E4E00F6C97D /* ApiResponse.swift */,
				C6FCEF9E26E06F5E00F6C97D /* ResponseData.swift */,
				C622C79B26E160BA00A2FDF1 /* FeedItem.swift */,
			);
			path = Models;
			sourceTree = "<group>";
		};
		C6FCEFA026E0F83300F6C97D /* Views */ = {
			isa = PBXGroup;
			children = (
				C61429B126E7AE1E00DB7647 /* FeedItemView.swift */,
			);
			path = Views;
			sourceTree = "<group>";
		};
/* End PBXGroup section */

/* Begin PBXNativeTarget section */
		C6FCEF6326E03FBE00F6C97D /* FeedListChallenge */ = {
			isa = PBXNativeTarget;
			buildConfigurationList = C6FCEF8926E03FC400F6C97D /* Build configuration list for PBXNativeTarget "FeedListChallenge" */;
			buildPhases = (
				C6FCEF6026E03FBE00F6C97D /* Sources */,
				C6FCEF6126E03FBE00F6C97D /* Frameworks */,
				C6FCEF6226E03FBE00F6C97D /* Resources */,
			);
			buildRules = (
			);
			dependencies = (
			);
			name = FeedListChallenge;
			productName = TMobileChallenge;
			productReference = C6FCEF6426E03FBE00F6C97D /* FeedListChallenge.app */;
			productType = "com.apple.product-type.application";
		};
		C6FCEF7426E03FC400F6C97D /* FeedListChallengeTests */ = {
			isa = PBXNativeTarget;
			buildConfigurationList = C6FCEF8C26E03FC400F6C97D /* Build configuration list for PBXNativeTarget "FeedListChallengeTests" */;
			buildPhases = (
				C6FCEF7126E03FC400F6C97D /* Sources */,
				C6FCEF7226E03FC400F6C97D /* Frameworks */,
				C6FCEF7326E03FC400F6C97D /* Resources */,
			);
			buildRules = (
			);
			dependencies = (
				C6FCEF7726E03FC400F6C97D /* PBXTargetDependency */,
			);
			name = FeedListChallengeTests;
			productName = TMobileChallengeTests;
			productReference = C6FCEF7526E03FC400F6C97D /* FeedListChallengeTests.xctest */;
			productType = "com.apple.product-type.bundle.unit-test";
		};
		C6FCEF7F26E03FC400F6C97D /* FeedListChallengeUITests */ = {
			isa = PBXNativeTarget;
			buildConfigurationList = C6FCEF8F26E03FC400F6C97D /* Build configuration list for PBXNativeTarget "FeedListChallengeUITests" */;
			buildPhases = (
				C6FCEF7C26E03FC400F6C97D /* Sources */,
				C6FCEF7D26E03FC400F6C97D /* Frameworks */,
				C6FCEF7E26E03FC400F6C97D /* Resources */,
			);
			buildRules = (
			);
			dependencies = (
				C6FCEF8226E03FC400F6C97D /* PBXTargetDependency */,
			);
			name = FeedListChallengeUITests;
			productName = TMobileChallengeUITests;
			productReference = C6FCEF8026E03FC400F6C97D /* FeedListChallengeUITests.xctest */;
			productType = "com.apple.product-type.bundle.ui-testing";
		};
/* End PBXNativeTarget section */

/* Begin PBXProject section */
		C6FCEF5C26E03FBE00F6C97D /* Project object */ = {
			isa = PBXProject;
			attributes = {
				LastSwiftUpdateCheck = 1250;
				LastUpgradeCheck = 1250;
				TargetAttributes = {
					C6FCEF6326E03FBE00F6C97D = {
						CreatedOnToolsVersion = 12.5.1;
					};
					C6FCEF7426E03FC400F6C97D = {
						CreatedOnToolsVersion = 12.5.1;
						TestTargetID = C6FCEF6326E03FBE00F6C97D;
					};
					C6FCEF7F26E03FC400F6C97D = {
						CreatedOnToolsVersion = 12.5.1;
						TestTargetID = C6FCEF6326E03FBE00F6C97D;
					};
				};
			};
			buildConfigurationList = C6FCEF5F26E03FBE00F6C97D /* Build configuration list for PBXProject "FeedListChallenge" */;
			compatibilityVersion = "Xcode 9.3";
			developmentRegion = en;
			hasScannedForEncodings = 0;
			knownRegions = (
				en,
				Base,
			);
			mainGroup = C6FCEF5B26E03FBE00F6C97D;
			productRefGroup = C6FCEF6526E03FBE00F6C97D /* Products */;
			projectDirPath = "";
			projectRoot = "";
			targets = (
				C6FCEF6326E03FBE00F6C97D /* FeedListChallenge */,
				C6FCEF7426E03FC400F6C97D /* FeedListChallengeTests */,
				C6FCEF7F26E03FC400F6C97D /* FeedListChallengeUITests */,
			);
		};
/* End PBXProject section */

/* Begin PBXResourcesBuildPhase section */
		C6FCEF6226E03FBE00F6C97D /* Resources */ = {
			isa = PBXResourcesBuildPhase;
			buildActionMask = 2147483647;
			files = (
				C61429B426E7AE3600DB7647 /* Simulator Screen Shot - iPhone 12 Pro Max - 2021-09-07 at 09.24.49.png in Resources */,
				C6FCEF6F26E03FC400F6C97D /* Preview Assets.xcassets in Resources */,
				C6FCEF6C26E03FC400F6C97D /* Assets.xcassets in Resources */,
			);
			runOnlyForDeploymentPostprocessing = 0;
		};
		C6FCEF7326E03FC400F6C97D /* Resources */ = {
			isa = PBXResourcesBuildPhase;
			buildActionMask = 2147483647;
			files = (
			);
			runOnlyForDeploymentPostprocessing = 0;
		};
		C6FCEF7E26E03FC400F6C97D /* Resources */ = {
			isa = PBXResourcesBuildPhase;
			buildActionMask = 2147483647;
			files = (
			);
			runOnlyForDeploymentPostprocessing = 0;
		};
/* End PBXResourcesBuildPhase section */

/* Begin PBXSourcesBuildPhase section */
		C6FCEF6026E03FBE00F6C97D /* Sources */ = {
			isa = PBXSourcesBuildPhase;
			buildActionMask = 2147483647;
			files = (
				C6FCEF9F26E06F5E00F6C97D /* ResponseData.swift in Sources */,
				C622C7A426E1DCD400A2FDF1 /* FeedItemViewModel.swift in Sources */,
				C6FCEF6A26E03FBE00F6C97D /* ContentView.swift in Sources */,
				C61429B226E7AE1E00DB7647 /* FeedItemView.swift in Sources */,
				C6FCEF9B26E060AB00F6C97D /* Feed.swift in Sources */,
				C622C79E26E175B800A2FDF1 /* ImageLeaderService.swift in Sources */,
				C622C7A026E17F2B00A2FDF1 /* FeedViewModel.swift in Sources */,
				C6FCEF6826E03FBE00F6C97D /* FeedListChallengeApp.swift in Sources */,
				C622C79C26E160BA00A2FDF1 /* FeedItem.swift in Sources */,
				C6FCEF9726E040E000F6C97D /* GlobalVariables.swift in Sources */,
				C6FCEF9D26E06E4E00F6C97D /* ApiResponse.swift in Sources */,
				C6FCEF9426E0404900F6C97D /* ApiService.swift in Sources */,
				C622C7A226E1DB7400A2FDF1 /* ResponseDataViewModel.swift in Sources */,
			);
			runOnlyForDeploymentPostprocessing = 0;
		};
		C6FCEF7126E03FC400F6C97D /* Sources */ = {
			isa = PBXSourcesBuildPhase;
			buildActionMask = 2147483647;
			files = (
				C6FCEF7A26E03FC400F6C97D /* FeedListChallengeTests.swift in Sources */,
			);
			runOnlyForDeploymentPostprocessing = 0;
		};
		C6FCEF7C26E03FC400F6C97D /* Sources */ = {
			isa = PBXSourcesBuildPhase;
			buildActionMask = 2147483647;
			files = (
				C6FCEF8526E03FC400F6C97D /* FeedListChallengeUITests.swift in Sources */,
			);
			runOnlyForDeploymentPostprocessing = 0;
		};
/* End PBXSourcesBuildPhase section */

/* Begin PBXTargetDependency section */
		C6FCEF7726E03FC400F6C97D /* PBXTargetDependency */ = {
			isa = PBXTargetDependency;
			target = C6FCEF6326E03FBE00F6C97D /* FeedListChallenge */;
			targetProxy = C6FCEF7626E03FC400F6C97D /* PBXContainerItemProxy */;
		};
		C6FCEF8226E03FC400F6C97D /* PBXTargetDependency */ = {
			isa = PBXTargetDependency;
			target = C6FCEF6326E03FBE00F6C97D /* FeedListChallenge */;
			targetProxy = C6FCEF8126E03FC400F6C97D /* PBXContainerItemProxy */;
		};
/* End PBXTargetDependency section */

/* Begin XCBuildConfiguration section */
		C6FCEF8726E03FC400F6C97D /* Debug */ = {
			isa = XCBuildConfiguration;
			buildSettings = {
				ALWAYS_SEARCH_USER_PATHS = NO;
				CLANG_ANALYZER_NONNULL = YES;
				CLANG_ANALYZER_NUMBER_OBJECT_CONVERSION = YES_AGGRESSIVE;
				CLANG_CXX_LANGUAGE_STANDARD = "gnu++14";
				CLANG_CXX_LIBRARY = "libc++";
				CLANG_ENABLE_MODULES = YES;
				CLANG_ENABLE_OBJC_ARC = YES;
				CLANG_ENABLE_OBJC_WEAK = YES;
				CLANG_WARN_BLOCK_CAPTURE_AUTORELEASING = YES;
				CLANG_WARN_BOOL_CONVERSION = YES;
				CLANG_WARN_COMMA = YES;
				CLANG_WARN_CONSTANT_CONVERSION = YES;
				CLANG_WARN_DEPRECATED_OBJC_IMPLEMENTATIONS = YES;
				CLANG_WARN_DIRECT_OBJC_ISA_USAGE = YES_ERROR;
				CLANG_WARN_DOCUMENTATION_COMMENTS = YES;
				CLANG_WARN_EMPTY_BODY = YES;
				CLANG_WARN_ENUM_CONVERSION = YES;
				CLANG_WARN_INFINITE_RECURSION = YES;
				CLANG_WARN_INT_CONVERSION = YES;
				CLANG_WARN_NON_LITERAL_NULL_CONVERSION = YES;
				CLANG_WARN_OBJC_IMPLICIT_RETAIN_SELF = YES;
				CLANG_WARN_OBJC_LITERAL_CONVERSION = YES;
				CLANG_WARN_OBJC_ROOT_CLASS = YES_ERROR;
				CLANG_WARN_QUOTED_INCLUDE_IN_FRAMEWORK_HEADER = YES;
				CLANG_WARN_RANGE_LOOP_ANALYSIS = YES;
				CLANG_WARN_STRICT_PROTOTYPES = YES;
				CLANG_WARN_SUSPICIOUS_MOVE = YES;
				CLANG_WARN_UNGUARDED_AVAILABILITY = YES_AGGRESSIVE;
				CLANG_WARN_UNREACHABLE_CODE = YES;
				CLANG_WARN__DUPLICATE_METHOD_MATCH = YES;
				COPY_PHASE_STRIP = NO;
				DEBUG_INFORMATION_FORMAT = dwarf;
				ENABLE_STRICT_OBJC_MSGSEND = YES;
				ENABLE_TESTABILITY = YES;
				GCC_C_LANGUAGE_STANDARD = gnu11;
				GCC_DYNAMIC_NO_PIC = NO;
				GCC_NO_COMMON_BLOCKS = YES;
				GCC_OPTIMIZATION_LEVEL = 0;
				GCC_PREPROCESSOR_DEFINITIONS = (
					"DEBUG=1",
					"$(inherited)",
				);
				GCC_WARN_64_TO_32_BIT_CONVERSION = YES;
				GCC_WARN_ABOUT_RETURN_TYPE = YES_ERROR;
				GCC_WARN_UNDECLARED_SELECTOR = YES;
				GCC_WARN_UNINITIALIZED_AUTOS = YES_AGGRESSIVE;
				GCC_WARN_UNUSED_FUNCTION = YES;
				GCC_WARN_UNUSED_VARIABLE = YES;
				IPHONEOS_DEPLOYMENT_TARGET = 14.5;
				MTL_ENABLE_DEBUG_INFO = INCLUDE_SOURCE;
				MTL_FAST_MATH = YES;
				ONLY_ACTIVE_ARCH = YES;
				SDKROOT = iphoneos;
				SWIFT_ACTIVE_COMPILATION_CONDITIONS = DEBUG;
				SWIFT_OPTIMIZATION_LEVEL = "-Onone";
			};
			name = Debug;
		};
		C6FCEF8826E03FC400F6C97D /* Release */ = {
			isa = XCBuildConfiguration;
			buildSettings = {
				ALWAYS_SEARCH_USER_PATHS = NO;
				CLANG_ANALYZER_NONNULL = YES;
				CLANG_ANALYZER_NUMBER_OBJECT_CONVERSION = YES_AGGRESSIVE;
				CLANG_CXX_LANGUAGE_STANDARD = "gnu++14";
				CLANG_CXX_LIBRARY = "libc++";
				CLANG_ENABLE_MODULES = YES;
				CLANG_ENABLE_OBJC_ARC = YES;
				CLANG_ENABLE_OBJC_WEAK = YES;
				CLANG_WARN_BLOCK_CAPTURE_AUTORELEASING = YES;
				CLANG_WARN_BOOL_CONVERSION = YES;
				CLANG_WARN_COMMA = YES;
				CLANG_WARN_CONSTANT_CONVERSION = YES;
				CLANG_WARN_DEPRECATED_OBJC_IMPLEMENTATIONS = YES;
				CLANG_WARN_DIRECT_OBJC_ISA_USAGE = YES_ERROR;
				CLANG_WARN_DOCUMENTATION_COMMENTS = YES;
				CLANG_WARN_EMPTY_BODY = YES;
				CLANG_WARN_ENUM_CONVERSION = YES;
				CLANG_WARN_INFINITE_RECURSION = YES;
				CLANG_WARN_INT_CONVERSION = YES;
				CLANG_WARN_NON_LITERAL_NULL_CONVERSION = YES;
				CLANG_WARN_OBJC_IMPLICIT_RETAIN_SELF = YES;
				CLANG_WARN_OBJC_LITERAL_CONVERSION = YES;
				CLANG_WARN_OBJC_ROOT_CLASS = YES_ERROR;
				CLANG_WARN_QUOTED_INCLUDE_IN_FRAMEWORK_HEADER = YES;
				CLANG_WARN_RANGE_LOOP_ANALYSIS = YES;
				CLANG_WARN_STRICT_PROTOTYPES = YES;
				CLANG_WARN_SUSPICIOUS_MOVE = YES;
				CLANG_WARN_UNGUARDED_AVAILABILITY = YES_AGGRESSIVE;
				CLANG_WARN_UNREACHABLE_CODE = YES;
				CLANG_WARN__DUPLICATE_METHOD_MATCH = YES;
				COPY_PHASE_STRIP = NO;
				DEBUG_INFORMATION_FORMAT = "dwarf-with-dsym";
				ENABLE_NS_ASSERTIONS = NO;
				ENABLE_STRICT_OBJC_MSGSEND = YES;
				GCC_C_LANGUAGE_STANDARD = gnu11;
				GCC_NO_COMMON_BLOCKS = YES;
				GCC_WARN_64_TO_32_BIT_CONVERSION = YES;
				GCC_WARN_ABOUT_RETURN_TYPE = YES_ERROR;
				GCC_WARN_UNDECLARED_SELECTOR = YES;
				GCC_WARN_UNINITIALIZED_AUTOS = YES_AGGRESSIVE;
				GCC_WARN_UNUSED_FUNCTION = YES;
				GCC_WARN_UNUSED_VARIABLE = YES;
				IPHONEOS_DEPLOYMENT_TARGET = 14.5;
				MTL_ENABLE_DEBUG_INFO = NO;
				MTL_FAST_MATH = YES;
				SDKROOT = iphoneos;
				SWIFT_COMPILATION_MODE = wholemodule;
				SWIFT_OPTIMIZATION_LEVEL = "-O";
				VALIDATE_PRODUCT = YES;
			};
			name = Release;
		};
		C6FCEF8A26E03FC400F6C97D /* Debug */ = {
			isa = XCBuildConfiguration;
			buildSettings = {
				ASSETCATALOG_COMPILER_APPICON_NAME = AppIcon;
				ASSETCATALOG_COMPILER_GLOBAL_ACCENT_COLOR_NAME = AccentColor;
				CODE_SIGN_STYLE = Automatic;
				DEVELOPMENT_ASSET_PATHS = "\"FeedListChallenge/Preview Content\"";
				DEVELOPMENT_TEAM = 2VMNV5JH5M;
				ENABLE_PREVIEWS = YES;
				INFOPLIST_FILE = "$(SRCROOT)/FeedListChallenge/Info.plist";
				IPHONEOS_DEPLOYMENT_TARGET = 14.0;
				LD_RUNPATH_SEARCH_PATHS = (
					"$(inherited)",
					"@executable_path/Frameworks",
				);
				PRODUCT_BUNDLE_IDENTIFIER = com.adidev.FeedListChallenge;
				PRODUCT_NAME = "$(TARGET_NAME)";
				SWIFT_VERSION = 5.0;
				TARGETED_DEVICE_FAMILY = "1,2";
			};
			name = Debug;
		};
		C6FCEF8B26E03FC400F6C97D /* Release */ = {
			isa = XCBuildConfiguration;
			buildSettings = {
				ASSETCATALOG_COMPILER_APPICON_NAME = AppIcon;
				ASSETCATALOG_COMPILER_GLOBAL_ACCENT_COLOR_NAME = AccentColor;
				CODE_SIGN_STYLE = Automatic;
				DEVELOPMENT_ASSET_PATHS = "\"FeedListChallenge/Preview Content\"";
				DEVELOPMENT_TEAM = 2VMNV5JH5M;
				ENABLE_PREVIEWS = YES;
				INFOPLIST_FILE = "$(SRCROOT)/FeedListChallenge/Info.plist";
				IPHONEOS_DEPLOYMENT_TARGET = 14.0;
				LD_RUNPATH_SEARCH_PATHS = (
					"$(inherited)",
					"@executable_path/Frameworks",
				);
				PRODUCT_BUNDLE_IDENTIFIER = com.adidev.FeedListChallenge;
				PRODUCT_NAME = "$(TARGET_NAME)";
				SWIFT_VERSION = 5.0;
				TARGETED_DEVICE_FAMILY = "1,2";
			};
			name = Release;
		};
		C6FCEF8D26E03FC400F6C97D /* Debug */ = {
			isa = XCBuildConfiguration;
			buildSettings = {
				ALWAYS_EMBED_SWIFT_STANDARD_LIBRARIES = YES;
				BUNDLE_LOADER = "$(TEST_HOST)";
				CODE_SIGN_STYLE = Automatic;
				DEVELOPMENT_TEAM = 2VMNV5JH5M;
				INFOPLIST_FILE = TMobileChallengeTests/Info.plist;
				IPHONEOS_DEPLOYMENT_TARGET = 14.0;
				LD_RUNPATH_SEARCH_PATHS = (
					"$(inherited)",
					"@executable_path/Frameworks",
					"@loader_path/Frameworks",
				);
				PRODUCT_BUNDLE_IDENTIFIER = com.adidev.TMobileChallengeTests;
				PRODUCT_NAME = "$(TARGET_NAME)";
				SWIFT_VERSION = 5.0;
				TARGETED_DEVICE_FAMILY = "1,2";
				TEST_HOST = "$(BUILT_PRODUCTS_DIR)/FeedListChallenge.app/FeedListChallenge";
			};
			name = Debug;
		};
		C6FCEF8E26E03FC400F6C97D /* Release */ = {
			isa = XCBuildConfiguration;
			buildSettings = {
				ALWAYS_EMBED_SWIFT_STANDARD_LIBRARIES = YES;
				BUNDLE_LOADER = "$(TEST_HOST)";
				CODE_SIGN_STYLE = Automatic;
				DEVELOPMENT_TEAM = 2VMNV5JH5M;
				INFOPLIST_FILE = TMobileChallengeTests/Info.plist;
				IPHONEOS_DEPLOYMENT_TARGET = 14.0;
				LD_RUNPATH_SEARCH_PATHS = (
					"$(inherited)",
					"@executable_path/Frameworks",
					"@loader_path/Frameworks",
				);
				PRODUCT_BUNDLE_IDENTIFIER = com.adidev.TMobileChallengeTests;
				PRODUCT_NAME = "$(TARGET_NAME)";
				SWIFT_VERSION = 5.0;
				TARGETED_DEVICE_FAMILY = "1,2";
				TEST_HOST = "$(BUILT_PRODUCTS_DIR)/FeedListChallenge.app/FeedListChallenge";
			};
			name = Release;
		};
		C6FCEF9026E03FC400F6C97D /* Debug */ = {
			isa = XCBuildConfiguration;
			buildSettings = {
				ALWAYS_EMBED_SWIFT_STANDARD_LIBRARIES = YES;
				CODE_SIGN_STYLE = Automatic;
				DEVELOPMENT_TEAM = 2VMNV5JH5M;
				INFOPLIST_FILE = TMobileChallengeUITests/Info.plist;
				LD_RUNPATH_SEARCH_PATHS = (
					"$(inherited)",
					"@executable_path/Frameworks",
					"@loader_path/Frameworks",
				);
				PRODUCT_BUNDLE_IDENTIFIER = com.adidev.TMobileChallengeUITests;
				PRODUCT_NAME = "$(TARGET_NAME)";
				SWIFT_VERSION = 5.0;
				TARGETED_DEVICE_FAMILY = "1,2";
				TEST_TARGET_NAME = TMobileChallenge;
			};
			name = Debug;
		};
		C6FCEF9126E03FC400F6C97D /* Release */ = {
			isa = XCBuildConfiguration;
			buildSettings = {
				ALWAYS_EMBED_SWIFT_STANDARD_LIBRARIES = YES;
				CODE_SIGN_STYLE = Automatic;
				DEVELOPMENT_TEAM = 2VMNV5JH5M;
				INFOPLIST_FILE = TMobileChallengeUITests/Info.plist;
				LD_RUNPATH_SEARCH_PATHS = (
					"$(inherited)",
					"@executable_path/Frameworks",
					"@loader_path/Frameworks",
				);
				PRODUCT_BUNDLE_IDENTIFIER = com.adidev.TMobileChallengeUITests;
				PRODUCT_NAME = "$(TARGET_NAME)";
				SWIFT_VERSION = 5.0;
				TARGETED_DEVICE_FAMILY = "1,2";
				TEST_TARGET_NAME = TMobileChallenge;
			};
			name = Release;
		};
/* End XCBuildConfiguration section */

/* Begin XCConfigurationList section */
		C6FCEF5F26E03FBE00F6C97D /* Build configuration list for PBXProject "FeedListChallenge" */ = {
			isa = XCConfigurationList;
			buildConfigurations = (
				C6FCEF8726E03FC400F6C97D /* Debug */,
				C6FCEF8826E03FC400F6C97D /* Release */,
			);
			defaultConfigurationIsVisible = 0;
			defaultConfigurationName = Release;
		};
		C6FCEF8926E03FC400F6C97D /* Build configuration list for PBXNativeTarget "FeedListChallenge" */ = {
			isa = XCConfigurationList;
			buildConfigurations = (
				C6FCEF8A26E03FC400F6C97D /* Debug */,
				C6FCEF8B26E03FC400F6C97D /* Release */,
			);
			defaultConfigurationIsVisible = 0;
			defaultConfigurationName = Release;
		};
		C6FCEF8C26E03FC400F6C97D /* Build configuration list for PBXNativeTarget "FeedListChallengeTests" */ = {
			isa = XCConfigurationList;
			buildConfigurations = (
				C6FCEF8D26E03FC400F6C97D /* Debug */,
				C6FCEF8E26E03FC400F6C97D /* Release */,
			);
			defaultConfigurationIsVisible = 0;
			defaultConfigurationName = Release;
		};
		C6FCEF8F26E03FC400F6C97D /* Build configuration list for PBXNativeTarget "FeedListChallengeUITests" */ = {
			isa = XCConfigurationList;
			buildConfigurations = (
				C6FCEF9026E03FC400F6C97D /* Debug */,
				C6FCEF9126E03FC400F6C97D /* Release */,
			);
			defaultConfigurationIsVisible = 0;
			defaultConfigurationName = Release;
		};
/* End XCConfigurationList section */
	};
	rootObject = C6FCEF5C26E03FBE00F6C97D /* Project object */;
}
